// !$*UTF8*$!
{
	archiveVersion = 1;
	classes = {
	};
	objectVersion = 46;
	objects = {

/* Begin PBXBuildFile section */
		1FC0BFE81E53870000B8CC9F /* main.m in Sources */ = {isa = PBXBuildFile; fileRef = 1FC0BFE71E53870000B8CC9F /* main.m */; };
		1FC0BFEB1E53870000B8CC9F /* AppDelegate.m in Sources */ = {isa = PBXBuildFile; fileRef = 1FC0BFEA1E53870000B8CC9F /* AppDelegate.m */; };
		1FC0BFEE1E53870000B8CC9F /* ViewController.m in Sources */ = {isa = PBXBuildFile; fileRef = 1FC0BFED1E53870000B8CC9F /* ViewController.m */; };
		1FC0BFF11E53870000B8CC9F /* Main.storyboard in Resources */ = {isa = PBXBuildFile; fileRef = 1FC0BFEF1E53870000B8CC9F /* Main.storyboard */; };
		1FC0BFF31E53870000B8CC9F /* Assets.xcassets in Resources */ = {isa = PBXBuildFile; fileRef = 1FC0BFF21E53870000B8CC9F /* Assets.xcassets */; };
		1FC0BFF61E53870000B8CC9F /* LaunchScreen.storyboard in Resources */ = {isa = PBXBuildFile; fileRef = 1FC0BFF41E53870000B8CC9F /* LaunchScreen.storyboard */; };
		1FC0C0011E53870000B8CC9F /* ContinuousIntegrationTestTests.m in Sources */ = {isa = PBXBuildFile; fileRef = 1FC0C0001E53870000B8CC9F /* ContinuousIntegrationTestTests.m */; };
		1FC0C00C1E53870000B8CC9F /* ContinuousIntegrationTestUITests.m in Sources */ = {isa = PBXBuildFile; fileRef = 1FC0C00B1E53870000B8CC9F /* ContinuousIntegrationTestUITests.m */; };
/* End PBXBuildFile section */

/* Begin PBXContainerItemProxy section */
		1FC0BFFD1E53870000B8CC9F /* PBXContainerItemProxy */ = {
			isa = PBXContainerItemProxy;
			containerPortal = 1FC0BFDB1E53870000B8CC9F /* Project object */;
			proxyType = 1;
			remoteGlobalIDString = 1FC0BFE21E53870000B8CC9F;
			remoteInfo = ContinuousIntegrationTest;
		};
		1FC0C0081E53870000B8CC9F /* PBXContainerItemProxy */ = {
			isa = PBXContainerItemProxy;
			containerPortal = 1FC0BFDB1E53870000B8CC9F /* Project object */;
			proxyType = 1;
			remoteGlobalIDString = 1FC0BFE21E53870000B8CC9F;
			remoteInfo = ContinuousIntegrationTest;
		};
/* End PBXContainerItemProxy section */

/* Begin PBXFileReference section */
		1FC0BFE31E53870000B8CC9F /* ContinuousIntegrationTest.app */ = {isa = PBXFileReference; explicitFileType = wrapper.application; includeInIndex = 0; path = ContinuousIntegrationTest.app; sourceTree = BUILT_PRODUCTS_DIR; };
		1FC0BFE71E53870000B8CC9F /* main.m */ = {isa = PBXFileReference; lastKnownFileType = sourcecode.c.objc; path = main.m; sourceTree = "<group>"; };
		1FC0BFE91E53870000B8CC9F /* AppDelegate.h */ = {isa = PBXFileReference; lastKnownFileType = sourcecode.c.h; path = AppDelegate.h; sourceTree = "<group>"; };
		1FC0BFEA1E53870000B8CC9F /* AppDelegate.m */ = {isa = PBXFileReference; lastKnownFileType = sourcecode.c.objc; path = AppDelegate.m; sourceTree = "<group>"; };
		1FC0BFEC1E53870000B8CC9F /* ViewController.h */ = {isa = PBXFileReference; lastKnownFileType = sourcecode.c.h; path = ViewController.h; sourceTree = "<group>"; };
		1FC0BFED1E53870000B8CC9F /* ViewController.m */ = {isa = PBXFileReference; lastKnownFileType = sourcecode.c.objc; path = ViewController.m; sourceTree = "<group>"; };
		1FC0BFF01E53870000B8CC9F /* Base */ = {isa = PBXFileReference; lastKnownFileType = file.storyboard; name = Base; path = Base.lproj/Main.storyboard; sourceTree = "<group>"; };
		1FC0BFF21E53870000B8CC9F /* Assets.xcassets */ = {isa = PBXFileReference; lastKnownFileType = folder.assetcatalog; path = Assets.xcassets; sourceTree = "<group>"; };
		1FC0BFF51E53870000B8CC9F /* Base */ = {isa = PBXFileReference; lastKnownFileType = file.storyboard; name = Base; path = Base.lproj/LaunchScreen.storyboard; sourceTree = "<group>"; };
		1FC0BFF71E53870000B8CC9F /* Info.plist */ = {isa = PBXFileReference; lastKnownFileType = text.plist.xml; path = Info.plist; sourceTree = "<group>"; };
		1FC0BFFC1E53870000B8CC9F /* ContinuousIntegrationTestTests.xctest */ = {isa = PBXFileReference; explicitFileType = wrapper.cfbundle; includeInIndex = 0; path = ContinuousIntegrationTestTests.xctest; sourceTree = BUILT_PRODUCTS_DIR; };
		1FC0C0001E53870000B8CC9F /* ContinuousIntegrationTestTests.m */ = {isa = PBXFileReference; lastKnownFileType = sourcecode.c.objc; path = ContinuousIntegrationTestTests.m; sourceTree = "<group>"; };
		1FC0C0021E53870000B8CC9F /* Info.plist */ = {isa = PBXFileReference; lastKnownFileType = text.plist.xml; path = Info.plist; sourceTree = "<group>"; };
		1FC0C0071E53870000B8CC9F /* ContinuousIntegrationTestUITests.xctest */ = {isa = PBXFileReference; explicitFileType = wrapper.cfbundle; includeInIndex = 0; path = ContinuousIntegrationTestUITests.xctest; sourceTree = BUILT_PRODUCTS_DIR; };
		1FC0C00B1E53870000B8CC9F /* ContinuousIntegrationTestUITests.m */ = {isa = PBXFileReference; lastKnownFileType = sourcecode.c.objc; path = ContinuousIntegrationTestUITests.m; sourceTree = "<group>"; };
		1FC0C00D1E53870000B8CC9F /* Info.plist */ = {isa = PBXFileReference; lastKnownFileType = text.plist.xml; path = Info.plist; sourceTree = "<group>"; };
/* End PBXFileReference section */

/* Begin PBXFrameworksBuildPhase section */
		1FC0BFE01E53870000B8CC9F /* Frameworks */ = {
			isa = PBXFrameworksBuildPhase;
			buildActionMask = 2147483647;
			files = (
			);
			runOnlyForDeploymentPostprocessing = 0;
		};
		1FC0BFF91E53870000B8CC9F /* Frameworks */ = {
			isa = PBXFrameworksBuildPhase;
			buildActionMask = 2147483647;
			files = (
			);
			runOnlyForDeploymentPostprocessing = 0;
		};
		1FC0C0041E53870000B8CC9F /* Frameworks */ = {
			isa = PBXFrameworksBuildPhase;
			buildActionMask = 2147483647;
			files = (
			);
			runOnlyForDeploymentPostprocessing = 0;
		};
/* End PBXFrameworksBuildPhase section */

/* Begin PBXGroup section */
		1FC0BFDA1E53870000B8CC9F = {
			isa = PBXGroup;
			children = (
				1FC0BFE51E53870000B8CC9F /* ContinuousIntegrationTest */,
				1FC0BFFF1E53870000B8CC9F /* ContinuousIntegrationTestTests */,
				1FC0C00A1E53870000B8CC9F /* ContinuousIntegrationTestUITests */,
				1FC0BFE41E53870000B8CC9F /* Products */,
			);
			sourceTree = "<group>";
		};
		1FC0BFE41E53870000B8CC9F /* Products */ = {
			isa = PBXGroup;
			children = (
				1FC0BFE31E53870000B8CC9F /* ContinuousIntegrationTest.app */,
				1FC0BFFC1E53870000B8CC9F /* ContinuousIntegrationTestTests.xctest */,
				1FC0C0071E53870000B8CC9F /* ContinuousIntegrationTestUITests.xctest */,
			);
			name = Products;
			sourceTree = "<group>";
		};
		1FC0BFE51E53870000B8CC9F /* ContinuousIntegrationTest */ = {
			isa = PBXGroup;
			children = (
				1FC0BFE91E53870000B8CC9F /* AppDelegate.h */,
				1FC0BFEA1E53870000B8CC9F /* AppDelegate.m */,
				1FC0BFEC1E53870000B8CC9F /* ViewController.h */,
				1FC0BFED1E53870000B8CC9F /* ViewController.m */,
				1FC0BFEF1E53870000B8CC9F /* Main.storyboard */,
				1FC0BFF21E53870000B8CC9F /* Assets.xcassets */,
				1FC0BFF41E53870000B8CC9F /* LaunchScreen.storyboard */,
				1FC0BFF71E53870000B8CC9F /* Info.plist */,
				1FC0BFE61E53870000B8CC9F /* Supporting Files */,
			);
			path = ContinuousIntegrationTest;
			sourceTree = "<group>";
		};
		1FC0BFE61E53870000B8CC9F /* Supporting Files */ = {
			isa = PBXGroup;
			children = (
				1FC0BFE71E53870000B8CC9F /* main.m */,
			);
			name = "Supporting Files";
			sourceTree = "<group>";
		};
		1FC0BFFF1E53870000B8CC9F /* ContinuousIntegrationTestTests */ = {
			isa = PBXGroup;
			children = (
				1FC0C0001E53870000B8CC9F /* ContinuousIntegrationTestTests.m */,
				1FC0C0021E53870000B8CC9F /* Info.plist */,
			);
			path = ContinuousIntegrationTestTests;
			sourceTree = "<group>";
		};
		1FC0C00A1E53870000B8CC9F /* ContinuousIntegrationTestUITests */ = {
			isa = PBXGroup;
			children = (
				1FC0C00B1E53870000B8CC9F /* ContinuousIntegrationTestUITests.m */,
				1FC0C00D1E53870000B8CC9F /* Info.plist */,
			);
			path = ContinuousIntegrationTestUITests;
			sourceTree = "<group>";
		};
/* End PBXGroup section */

/* Begin PBXNativeTarget section */
		1FC0BFE21E53870000B8CC9F /* ContinuousIntegrationTest */ = {
			isa = PBXNativeTarget;
			buildConfigurationList = 1FC0C0101E53870000B8CC9F /* Build configuration list for PBXNativeTarget "ContinuousIntegrationTest" */;
			buildPhases = (
				1FC0BFDF1E53870000B8CC9F /* Sources */,
				1FC0BFE01E53870000B8CC9F /* Frameworks */,
				1FC0BFE11E53870000B8CC9F /* Resources */,
			);
			buildRules = (
			);
			dependencies = (
			);
			name = ContinuousIntegrationTest;
			productName = ContinuousIntegrationTest;
			productReference = 1FC0BFE31E53870000B8CC9F /* ContinuousIntegrationTest.app */;
			productType = "com.apple.product-type.application";
		};
		1FC0BFFB1E53870000B8CC9F /* ContinuousIntegrationTestTests */ = {
			isa = PBXNativeTarget;
			buildConfigurationList = 1FC0C0131E53870000B8CC9F /* Build configuration list for PBXNativeTarget "ContinuousIntegrationTestTests" */;
			buildPhases = (
				1FC0BFF81E53870000B8CC9F /* Sources */,
				1FC0BFF91E53870000B8CC9F /* Frameworks */,
				1FC0BFFA1E53870000B8CC9F /* Resources */,
			);
			buildRules = (
			);
			dependencies = (
				1FC0BFFE1E53870000B8CC9F /* PBXTargetDependency */,
			);
			name = ContinuousIntegrationTestTests;
			productName = ContinuousIntegrationTestTests;
			productReference = 1FC0BFFC1E53870000B8CC9F /* ContinuousIntegrationTestTests.xctest */;
			productType = "com.apple.product-type.bundle.unit-test";
		};
		1FC0C0061E53870000B8CC9F /* ContinuousIntegrationTestUITests */ = {
			isa = PBXNativeTarget;
			buildConfigurationList = 1FC0C0161E53870000B8CC9F /* Build configuration list for PBXNativeTarget "ContinuousIntegrationTestUITests" */;
			buildPhases = (
				1FC0C0031E53870000B8CC9F /* Sources */,
				1FC0C0041E53870000B8CC9F /* Frameworks */,
				1FC0C0051E53870000B8CC9F /* Resources */,
			);
			buildRules = (
			);
			dependencies = (
				1FC0C0091E53870000B8CC9F /* PBXTargetDependency */,
			);
			name = ContinuousIntegrationTestUITests;
			productName = ContinuousIntegrationTestUITests;
			productReference = 1FC0C0071E53870000B8CC9F /* ContinuousIntegrationTestUITests.xctest */;
			productType = "com.apple.product-type.bundle.ui-testing";
		};
/* End PBXNativeTarget section */

/* Begin PBXProject section */
		1FC0BFDB1E53870000B8CC9F /* Project object */ = {
			isa = PBXProject;
			attributes = {
				LastUpgradeCheck = 0820;
				ORGANIZATIONNAME = "Rabin Joshi";
				TargetAttributes = {
					1FC0BFE21E53870000B8CC9F = {
						CreatedOnToolsVersion = 8.2.1;
						ProvisioningStyle = Automatic;
					};
					1FC0BFFB1E53870000B8CC9F = {
						CreatedOnToolsVersion = 8.2.1;
						ProvisioningStyle = Automatic;
						TestTargetID = 1FC0BFE21E53870000B8CC9F;
					};
					1FC0C0061E53870000B8CC9F = {
						CreatedOnToolsVersion = 8.2.1;
						ProvisioningStyle = Automatic;
						TestTargetID = 1FC0BFE21E53870000B8CC9F;
					};
				};
			};
			buildConfigurationList = 1FC0BFDE1E53870000B8CC9F /* Build configuration list for PBXProject "ContinuousIntegrationTest" */;
			compatibilityVersion = "Xcode 3.2";
			developmentRegion = English;
			hasScannedForEncodings = 0;
			knownRegions = (
				en,
				Base,
			);
			mainGroup = 1FC0BFDA1E53870000B8CC9F;
			productRefGroup = 1FC0BFE41E53870000B8CC9F /* Products */;
			projectDirPath = "";
			projectRoot = "";
			targets = (
				1FC0BFE21E53870000B8CC9F /* ContinuousIntegrationTest */,
				1FC0BFFB1E53870000B8CC9F /* ContinuousIntegrationTestTests */,
				1FC0C0061E53870000B8CC9F /* ContinuousIntegrationTestUITests */,
			);
		};
/* End PBXProject section */

/* Begin PBXResourcesBuildPhase section */
		1FC0BFE11E53870000B8CC9F /* Resources */ = {
			isa = PBXResourcesBuildPhase;
			buildActionMask = 2147483647;
			files = (
				1FC0BFF61E53870000B8CC9F /* LaunchScreen.storyboard in Resources */,
				1FC0BFF31E53870000B8CC9F /* Assets.xcassets in Resources */,
				1FC0BFF11E53870000B8CC9F /* Main.storyboard in Resources */,
			);
			runOnlyForDeploymentPostprocessing = 0;
		};
		1FC0BFFA1E53870000B8CC9F /* Resources */ = {
			isa = PBXResourcesBuildPhase;
			buildActionMask = 2147483647;
			files = (
			);
			runOnlyForDeploymentPostprocessing = 0;
		};
		1FC0C0051E53870000B8CC9F /* Resources */ = {
			isa = PBXResourcesBuildPhase;
			buildActionMask = 2147483647;
			files = (
			);
			runOnlyForDeploymentPostprocessing = 0;
		};
/* End PBXResourcesBuildPhase section */

/* Begin PBXSourcesBuildPhase section */
		1FC0BFDF1E53870000B8CC9F /* Sources */ = {
			isa = PBXSourcesBuildPhase;
			buildActionMask = 2147483647;
			files = (
				1FC0BFEE1E53870000B8CC9F /* ViewController.m in Sources */,
				1FC0BFEB1E53870000B8CC9F /* AppDelegate.m in Sources */,
				1FC0BFE81E53870000B8CC9F /* main.m in Sources */,
			);
			runOnlyForDeploymentPostprocessing = 0;
		};
		1FC0BFF81E53870000B8CC9F /* Sources */ = {
			isa = PBXSourcesBuildPhase;
			buildActionMask = 2147483647;
			files = (
				1FC0C0011E53870000B8CC9F /* ContinuousIntegrationTestTests.m in Sources */,
			);
			runOnlyForDeploymentPostprocessing = 0;
		};
		1FC0C0031E53870000B8CC9F /* Sources */ = {
			isa = PBXSourcesBuildPhase;
			buildActionMask = 2147483647;
			files = (
				1FC0C00C1E53870000B8CC9F /* ContinuousIntegrationTestUITests.m in Sources */,
			);
			runOnlyForDeploymentPostprocessing = 0;
		};
/* End PBXSourcesBuildPhase section */

/* Begin PBXTargetDependency section */
		1FC0BFFE1E53870000B8CC9F /* PBXTargetDependency */ = {
			isa = PBXTargetDependency;
			target = 1FC0BFE21E53870000B8CC9F /* ContinuousIntegrationTest */;
			targetProxy = 1FC0BFFD1E53870000B8CC9F /* PBXContainerItemProxy */;
		};
		1FC0C0091E53870000B8CC9F /* PBXTargetDependency */ = {
			isa = PBXTargetDependency;
			target = 1FC0BFE21E53870000B8CC9F /* ContinuousIntegrationTest */;
			targetProxy = 1FC0C0081E53870000B8CC9F /* PBXContainerItemProxy */;
		};
/* End PBXTargetDependency section */

/* Begin PBXVariantGroup section */
		1FC0BFEF1E53870000B8CC9F /* Main.storyboard */ = {
			isa = PBXVariantGroup;
			children = (
				1FC0BFF01E53870000B8CC9F /* Base */,
			);
			name = Main.storyboard;
			sourceTree = "<group>";
		};
		1FC0BFF41E53870000B8CC9F /* LaunchScreen.storyboard */ = {
			isa = PBXVariantGroup;
			children = (
				1FC0BFF51E53870000B8CC9F /* Base */,
			);
			name = LaunchScreen.storyboard;
			sourceTree = "<group>";
		};
/* End PBXVariantGroup section */

/* Begin XCBuildConfiguration section */
		1FC0C00E1E53870000B8CC9F /* Debug */ = {
			isa = XCBuildConfiguration;
			buildSettings = {
				ALWAYS_SEARCH_USER_PATHS = NO;
				CLANG_ANALYZER_NONNULL = YES;
				CLANG_CXX_LANGUAGE_STANDARD = "gnu++0x";
				CLANG_CXX_LIBRARY = "libc++";
				CLANG_ENABLE_MODULES = YES;
				CLANG_ENABLE_OBJC_ARC = YES;
				CLANG_WARN_BOOL_CONVERSION = YES;
				CLANG_WARN_CONSTANT_CONVERSION = YES;
				CLANG_WARN_DIRECT_OBJC_ISA_USAGE = YES_ERROR;
				CLANG_WARN_DOCUMENTATION_COMMENTS = YES;
				CLANG_WARN_EMPTY_BODY = YES;
				CLANG_WARN_ENUM_CONVERSION = YES;
				CLANG_WARN_INFINITE_RECURSION = YES;
				CLANG_WARN_INT_CONVERSION = YES;
				CLANG_WARN_OBJC_ROOT_CLASS = YES_ERROR;
				CLANG_WARN_SUSPICIOUS_MOVE = YES;
				CLANG_WARN_UNREACHABLE_CODE = YES;
				CLANG_WARN__DUPLICATE_METHOD_MATCH = YES;
				"CODE_SIGN_IDENTITY[sdk=iphoneos*]" = "iPhone Developer";
				COPY_PHASE_STRIP = NO;
				DEBUG_INFORMATION_FORMAT = dwarf;
				ENABLE_STRICT_OBJC_MSGSEND = YES;
				ENABLE_TESTABILITY = YES;
				GCC_C_LANGUAGE_STANDARD = gnu99;
				GCC_DYNAMIC_NO_PIC = NO;
				GCC_NO_COMMON_BLOCKS = YES;
				GCC_OPTIMIZATION_LEVEL = 0;
				GCC_PREPROCESSOR_DEFINITIONS = (
					"DEBUG=1",
					"$(inherited)",
				);
				GCC_WARN_64_TO_32_BIT_CONVERSION = YES;
				GCC_WARN_ABOUT_RETURN_TYPE = YES_ERROR;
				GCC_WARN_UNDECLARED_SELECTOR = YES;
				GCC_WARN_UNINITIALIZED_AUTOS = YES_AGGRESSIVE;
				GCC_WARN_UNUSED_FUNCTION = YES;
				GCC_WARN_UNUSED_VARIABLE = YES;
				IPHONEOS_DEPLOYMENT_TARGET = 10.2;
				MTL_ENABLE_DEBUG_INFO = YES;
				ONLY_ACTIVE_ARCH = YES;
				SDKROOT = iphoneos;
			};
			name = Debug;
		};
		1FC0C00F1E53870000B8CC9F /* Release */ = {
			isa = XCBuildConfiguration;
			buildSettings = {
				ALWAYS_SEARCH_USER_PATHS = NO;
				CLANG_ANALYZER_NONNULL = YES;
				CLANG_CXX_LANGUAGE_STANDARD = "gnu++0x";
				CLANG_CXX_LIBRARY = "libc++";
				CLANG_ENABLE_MODULES = YES;
				CLANG_ENABLE_OBJC_ARC = YES;
				CLANG_WARN_BOOL_CONVERSION = YES;
				CLANG_WARN_CONSTANT_CONVERSION = YES;
				CLANG_WARN_DIRECT_OBJC_ISA_USAGE = YES_ERROR;
				CLANG_WARN_DOCUMENTATION_COMMENTS = YES;
				CLANG_WARN_EMPTY_BODY = YES;
				CLANG_WARN_ENUM_CONVERSION = YES;
				CLANG_WARN_INFINITE_RECURSION = YES;
				CLANG_WARN_INT_CONVERSION = YES;
				CLANG_WARN_OBJC_ROOT_CLASS = YES_ERROR;
				CLANG_WARN_SUSPICIOUS_MOVE = YES;
				CLANG_WARN_UNREACHABLE_CODE = YES;
				CLANG_WARN__DUPLICATE_METHOD_MATCH = YES;
				"CODE_SIGN_IDENTITY[sdk=iphoneos*]" = "iPhone Developer";
				COPY_PHASE_STRIP = NO;
				DEBUG_INFORMATION_FORMAT = "dwarf-with-dsym";
				ENABLE_NS_ASSERTIONS = NO;
				ENABLE_STRICT_OBJC_MSGSEND = YES;
				GCC_C_LANGUAGE_STANDARD = gnu99;
				GCC_NO_COMMON_BLOCKS = YES;
				GCC_WARN_64_TO_32_BIT_CONVERSION = YES;
				GCC_WARN_ABOUT_RETURN_TYPE = YES_ERROR;
				GCC_WARN_UNDECLARED_SELECTOR = YES;
				GCC_WARN_UNINITIALIZED_AUTOS = YES_AGGRESSIVE;
				GCC_WARN_UNUSED_FUNCTION = YES;
				GCC_WARN_UNUSED_VARIABLE = YES;
				IPHONEOS_DEPLOYMENT_TARGET = 10.2;
				MTL_ENABLE_DEBUG_INFO = NO;
				SDKROOT = iphoneos;
				VALIDATE_PRODUCT = YES;
			};
			name = Release;
		};
		1FC0C0111E53870000B8CC9F /* Debug */ = {
			isa = XCBuildConfiguration;
			buildSettings = {
				ASSETCATALOG_COMPILER_APPICON_NAME = AppIcon;
				INFOPLIST_FILE = ContinuousIntegrationTest/Info.plist;
				LD_RUNPATH_SEARCH_PATHS = "$(inherited) @executable_path/Frameworks";
				PRODUCT_BUNDLE_IDENTIFIER = rabinjoshi.ContinuousIntegrationTest;
				PRODUCT_NAME = "$(TARGET_NAME)";
			};
			name = Debug;
		};
		1FC0C0121E53870000B8CC9F /* Release */ = {
			isa = XCBuildConfiguration;
			buildSettings = {
				ASSETCATALOG_COMPILER_APPICON_NAME = AppIcon;
				INFOPLIST_FILE = ContinuousIntegrationTest/Info.plist;
				LD_RUNPATH_SEARCH_PATHS = "$(inherited) @executable_path/Frameworks";
				PRODUCT_BUNDLE_IDENTIFIER = rabinjoshi.ContinuousIntegrationTest;
				PRODUCT_NAME = "$(TARGET_NAME)";
			};
			name = Release;
		};
		1FC0C0141E53870000B8CC9F /* Debug */ = {
			isa = XCBuildConfiguration;
			buildSettings = {
				BUNDLE_LOADER = "$(TEST_HOST)";
				INFOPLIST_FILE = ContinuousIntegrationTestTests/Info.plist;
				LD_RUNPATH_SEARCH_PATHS = "$(inherited) @executable_path/Frameworks @loader_path/Frameworks";
				PRODUCT_BUNDLE_IDENTIFIER = rabinjoshi.ContinuousIntegrationTestTests;
				PRODUCT_NAME = "$(TARGET_NAME)";
				TEST_HOST = "$(BUILT_PRODUCTS_DIR)/ContinuousIntegrationTest.app/ContinuousIntegrationTest";
			};
			name = Debug;
		};
		1FC0C0151E53870000B8CC9F /* Release */ = {
			isa = XCBuildConfiguration;
			buildSettings = {
				BUNDLE_LOADER = "$(TEST_HOST)";
				INFOPLIST_FILE = ContinuousIntegrationTestTests/Info.plist;
				LD_RUNPATH_SEARCH_PATHS = "$(inherited) @executable_path/Frameworks @loader_path/Frameworks";
				PRODUCT_BUNDLE_IDENTIFIER = rabinjoshi.ContinuousIntegrationTestTests;
				PRODUCT_NAME = "$(TARGET_NAME)";
				TEST_HOST = "$(BUILT_PRODUCTS_DIR)/ContinuousIntegrationTest.app/ContinuousIntegrationTest";
			};
			name = Release;
		};
		1FC0C0171E53870000B8CC9F /* Debug */ = {
			isa = XCBuildConfiguration;
			buildSettings = {
				INFOPLIST_FILE = ContinuousIntegrationTestUITests/Info.plist;
				LD_RUNPATH_SEARCH_PATHS = "$(inherited) @executable_path/Frameworks @loader_path/Frameworks";
				PRODUCT_BUNDLE_IDENTIFIER = rabinjoshi.ContinuousIntegrationTestUITests;
				PRODUCT_NAME = "$(TARGET_NAME)";
				TEST_TARGET_NAME = ContinuousIntegrationTest;
			};
			name = Debug;
		};
		1FC0C0181E53870000B8CC9F /* Release */ = {
			isa = XCBuildConfiguration;
			buildSettings = {
				INFOPLIST_FILE = ContinuousIntegrationTestUITests/Info.plist;
				LD_RUNPATH_SEARCH_PATHS = "$(inherited) @executable_path/Frameworks @loader_path/Frameworks";
				PRODUCT_BUNDLE_IDENTIFIER = rabinjoshi.ContinuousIntegrationTestUITests;
				PRODUCT_NAME = "$(TARGET_NAME)";
				TEST_TARGET_NAME = ContinuousIntegrationTest;
			};
			name = Release;
		};
/* End XCBuildConfiguration section */

/* Begin XCConfigurationList section */
		1FC0BFDE1E53870000B8CC9F /* Build configuration list for PBXProject "ContinuousIntegrationTest" */ = {
			isa = XCConfigurationList;
			buildConfigurations = (
				1FC0C00E1E53870000B8CC9F /* Debug */,
				1FC0C00F1E53870000B8CC9F /* Release */,
			);
			defaultConfigurationIsVisible = 0;
			defaultConfigurationName = Release;
		};
		1FC0C0101E53870000B8CC9F /* Build configuration list for PBXNativeTarget "ContinuousIntegrationTest" */ = {
			isa = XCConfigurationList;
			buildConfigurations = (
				1FC0C0111E53870000B8CC9F /* Debug */,
				1FC0C0121E53870000B8CC9F /* Release */,
			);
			defaultConfigurationIsVisible = 0;
		};
		1FC0C0131E53870000B8CC9F /* Build configuration list for PBXNativeTarget "ContinuousIntegrationTestTests" */ = {
			isa = XCConfigurationList;
			buildConfigurations = (
				1FC0C0141E53870000B8CC9F /* Debug */,
				1FC0C0151E53870000B8CC9F /* Release */,
			);
			defaultConfigurationIsVisible = 0;
		};
		1FC0C0161E53870000B8CC9F /* Build configuration list for PBXNativeTarget "ContinuousIntegrationTestUITests" */ = {
			isa = XCConfigurationList;
			buildConfigurations = (
				1FC0C0171E53870000B8CC9F /* Debug */,
				1FC0C0181E53870000B8CC9F /* Release */,
			);
			defaultConfigurationIsVisible = 0;
		};
/* End XCConfigurationList section */
	};
	rootObject = 1FC0BFDB1E53870000B8CC9F /* Project object */;
}
